{
  "originHash" : "fb5986bc1ae55c038602e79a15af50dc3fc9bf13957217063d6be8dc14e4b9d9",
  "pins" : [
    {
      "identity" : "fluid-menu-bar-extra",
      "kind" : "remoteSourceControl",
      "location" : "https://github.com/lfroms/fluid-menu-bar-extra",
      "state" : {
        "revision" : "81c7af7a2bc7ba0e9d8cd0d7faf58a8c870306fa",
        "version" : "1.2.0"
      }
    },
    {
      "identity" : "modernslider",
      "kind" : "remoteSourceControl",
      "location" : "https://github.com/arjun-dureja/ModernSlider",
      "state" : {
        "branch" : "main",
        "revision" : "009e0d5929be43eea7d0caea4c26d4feae37fda0"
      }
    },
    {
      "identity" : "starscream",
      "kind" : "remoteSourceControl",
      "location" : "https://github.com/daltoniam/Starscream.git",
      "state" : {
        "revision" : "c6bfd1af48efcc9a9ad203665db12375ba6b145a",
        "version" : "4.0.8"
      }
    }
  ],
  "version" : 3
}
